{
    "_meta": {
        "hash": {
            "sha256": "806669cd68ce7bebbf037834b168a522c587ba1d85a6d75991ae0794a85aff20"
        },
        "pipfile-spec": 6,
        "requires": {
            "python_version": "3.8"
        },
        "sources": [
            {
                "name": "pypi",
                "url": "https://mirrors.aliyun.com/pypi/simple",
                "verify_ssl": true
            }
        ]
    },
    "default": {
        "aiofiles": {
            "hashes": [
                "sha256:bd3019af67f83b739f8e4053c6c0512a7f545b9a8d91aaeab55e6e0f9d123c27",
                "sha256:e0281b157d3d5d59d803e3f4557dcc9a3dff28a4dd4829a9ff478adae50ca092"
            ],
            "index": "pypi",
            "version": "==0.6.0"
        },
        "aiosqlite": {
            "hashes": [
                "sha256:0e5b8465b0b6aa7f2b0a1fa7f3af53216fcea1947f524b658bd4b4696e72f1b7",
                "sha256:d014ef07fbc523b2d195fc17cf35982285e3220eb73c1068d5df37b569950ea8"
            ],
            "index": "pypi",
            "version": "==0.16.0"
        },
        "click": {
            "hashes": [
                "sha256:d2b5255c7c6349bc1bd1e59e08cd12acbbd63ce649f2588755783aa94dfb6b1a",
                "sha256:dacca89f4bfadd5de3d7489b7c8a566eee0d3676333fbb50030263894c38c0dc"
            ],
            "index": "pypi",
            "version": "==7.1.2"
        },
        "databases": {
            "hashes": [
                "sha256:799febb8fc0ad1e9ac47b5510b91e971d35be205aa99b9a00b3811b4cb5e5254",
                "sha256:853c7fa9a0d9b8af8d58cfa15aae00ec0a4fa73b31df4331192308e00c5b6345"
            ],
            "index": "pypi",
            "version": "==0.4.1"
        },
        "fastapi": {
            "hashes": [
                "sha256:62074dd38541d9d7245f3aacbbd0d44340c53d56186c9b249d261a18dad4874b",
                "sha256:8f4c64cd9cea67fb7dd175ca5015961efa572b9f43a8731014dac8929d86225f"
            ],
            "index": "pypi",
            "version": "==0.62.0"
        },
        "h11": {
            "hashes": [
                "sha256:3c6c61d69c6f13d41f1b80ab0322f1872702a3ba26e12aa864c928f6a43fbaab",
                "sha256:ab6c335e1b6ef34b205d5ca3e228c9299cc7218b049819ec84a388c2525e5d87"
            ],
            "version": "==0.11.0"
        },
        "jinja2": {
            "hashes": [
                "sha256:89aab215427ef59c34ad58735269eb58b1a5808103067f7bb9d5836c651b3bb0",
                "sha256:f0a4641d3cf955324a89c04f3d94663aa4d638abe8f733ecd3582848e1c37035"
            ],
            "index": "pypi",
            "version": "==2.11.2"
        },
        "markupsafe": {
            "hashes": [
                "sha256:00bc623926325b26bb9605ae9eae8a215691f33cae5df11ca5424f06f2d1f473",
                "sha256:09027a7803a62ca78792ad89403b1b7a73a01c8cb65909cd876f7fcebd79b161",
                "sha256:09c4b7f37d6c648cb13f9230d847adf22f8171b1ccc4d5682398e77f40309235",
                "sha256:1027c282dad077d0bae18be6794e6b6b8c91d58ed8a8d89a89d59693b9131db5",
                "sha256:13d3144e1e340870b25e7b10b98d779608c02016d5184cfb9927a9f10c689f42",
                "sha256:24982cc2533820871eba85ba648cd53d8623687ff11cbb805be4ff7b4c971aff",
                "sha256:29872e92839765e546828bb7754a68c418d927cd064fd4708fab9fe9c8bb116b",
                "sha256:43a55c2930bbc139570ac2452adf3d70cdbb3cfe5912c71cdce1c2c6bbd9c5d1",
                "sha256:46c99d2de99945ec5cb54f23c8cd5689f6d7177305ebff350a58ce5f8de1669e",
                "sha256:500d4957e52ddc3351cabf489e79c91c17f6e0899158447047588650b5e69183",
                "sha256:535f6fc4d397c1563d08b88e485c3496cf5784e927af890fb3c3aac7f933ec66",
                "sha256:596510de112c685489095da617b5bcbbac7dd6384aeebeda4df6025d0256a81b",
                "sha256:62fe6c95e3ec8a7fad637b7f3d372c15ec1caa01ab47926cfdf7a75b40e0eac1",
                "sha256:6788b695d50a51edb699cb55e35487e430fa21f1ed838122d722e0ff0ac5ba15",
                "sha256:6dd73240d2af64df90aa7c4e7481e23825ea70af4b4922f8ede5b9e35f78a3b1",
                "sha256:717ba8fe3ae9cc0006d7c451f0bb265ee07739daf76355d06366154ee68d221e",
                "sha256:79855e1c5b8da654cf486b830bd42c06e8780cea587384cf6545b7d9ac013a0b",
                "sha256:7c1699dfe0cf8ff607dbdcc1e9b9af1755371f92a68f706051cc8c37d447c905",
                "sha256:88e5fcfb52ee7b911e8bb6d6aa2fd21fbecc674eadd44118a9cc3863f938e735",
                "sha256:8defac2f2ccd6805ebf65f5eeb132adcf2ab57aa11fdf4c0dd5169a004710e7d",
                "sha256:98c7086708b163d425c67c7a91bad6e466bb99d797aa64f965e9d25c12111a5e",
                "sha256:9add70b36c5666a2ed02b43b335fe19002ee5235efd4b8a89bfcf9005bebac0d",
                "sha256:9bf40443012702a1d2070043cb6291650a0841ece432556f784f004937f0f32c",
                "sha256:ade5e387d2ad0d7ebf59146cc00c8044acbd863725f887353a10df825fc8ae21",
                "sha256:b00c1de48212e4cc9603895652c5c410df699856a2853135b3967591e4beebc2",
                "sha256:b1282f8c00509d99fef04d8ba936b156d419be841854fe901d8ae224c59f0be5",
                "sha256:b2051432115498d3562c084a49bba65d97cf251f5a331c64a12ee7e04dacc51b",
                "sha256:ba59edeaa2fc6114428f1637ffff42da1e311e29382d81b339c1817d37ec93c6",
                "sha256:c8716a48d94b06bb3b2524c2b77e055fb313aeb4ea620c8dd03a105574ba704f",
                "sha256:cd5df75523866410809ca100dc9681e301e3c27567cf498077e8551b6d20e42f",
                "sha256:cdb132fc825c38e1aeec2c8aa9338310d29d337bebbd7baa06889d09a60a1fa2",
                "sha256:e249096428b3ae81b08327a63a485ad0878de3fb939049038579ac0ef61e17e7",
                "sha256:e8313f01ba26fbbe36c7be1966a7b7424942f670f38e666995b88d012765b9be"
            ],
            "markers": "python_version >= '2.7' and python_version not in '3.0, 3.1, 3.2, 3.3'",
            "version": "==1.1.1"
        },
        "numpy": {
            "hashes": [
                "sha256:08308c38e44cc926bdfce99498b21eec1f848d24c302519e64203a8da99a97db",
                "sha256:09c12096d843b90eafd01ea1b3307e78ddd47a55855ad402b157b6c4862197ce",
                "sha256:13d166f77d6dc02c0a73c1101dd87fdf01339febec1030bd810dcd53fff3b0f1",
                "sha256:141ec3a3300ab89c7f2b0775289954d193cc8edb621ea05f99db9cb181530512",
                "sha256:16c1b388cc31a9baa06d91a19366fb99ddbe1c7b205293ed072211ee5bac1ed2",
                "sha256:18bed2bcb39e3f758296584337966e68d2d5ba6aab7e038688ad53c8f889f757",
                "sha256:1aeef46a13e51931c0b1cf8ae1168b4a55ecd282e6688fdb0a948cc5a1d5afb9",
                "sha256:27d3f3b9e3406579a8af3a9f262f5339005dd25e0ecf3cf1559ff8a49ed5cbf2",
                "sha256:2a2740aa9733d2e5b2dfb33639d98a64c3b0f24765fed86b0fd2aec07f6a0a08",
                "sha256:4377e10b874e653fe96985c05feed2225c912e328c8a26541f7fc600fb9c637b",
                "sha256:448ebb1b3bf64c0267d6b09a7cba26b5ae61b6d2dbabff7c91b660c7eccf2bdb",
                "sha256:50e86c076611212ca62e5a59f518edafe0c0730f7d9195fec718da1a5c2bb1fc",
                "sha256:5734bdc0342aba9dfc6f04920988140fb41234db42381cf7ccba64169f9fe7ac",
                "sha256:64324f64f90a9e4ef732be0928be853eee378fd6a01be21a0a8469c4f2682c83",
                "sha256:6ae6c680f3ebf1cf7ad1d7748868b39d9f900836df774c453c11c5440bc15b36",
                "sha256:6d7593a705d662be5bfe24111af14763016765f43cb6923ed86223f965f52387",
                "sha256:8cac8790a6b1ddf88640a9267ee67b1aee7a57dfa2d2dd33999d080bc8ee3a0f",
                "sha256:8ece138c3a16db8c1ad38f52eb32be6086cc72f403150a79336eb2045723a1ad",
                "sha256:9eeb7d1d04b117ac0d38719915ae169aa6b61fca227b0b7d198d43728f0c879c",
                "sha256:a09f98011236a419ee3f49cedc9ef27d7a1651df07810ae430a6b06576e0b414",
                "sha256:a5d897c14513590a85774180be713f692df6fa8ecf6483e561a6d47309566f37",
                "sha256:ad6f2ff5b1989a4899bf89800a671d71b1612e5ff40866d1f4d8bcf48d4e5764",
                "sha256:c42c4b73121caf0ed6cd795512c9c09c52a7287b04d105d112068c1736d7c753",
                "sha256:cb1017eec5257e9ac6209ac172058c430e834d5d2bc21961dceeb79d111e5909",
                "sha256:d6c7bb82883680e168b55b49c70af29b84b84abb161cbac2800e8fcb6f2109b6",
                "sha256:e452dc66e08a4ce642a961f134814258a082832c78c90351b75c41ad16f79f63",
                "sha256:e5b6ed0f0b42317050c88022349d994fe72bfe35f5908617512cd8c8ef9da2a9",
                "sha256:e9b30d4bd69498fc0c3fe9db5f62fffbb06b8eb9321f92cc970f2969be5e3949",
                "sha256:ec149b90019852266fec2341ce1db513b843e496d5a8e8cdb5ced1923a92faab",
                "sha256:edb01671b3caae1ca00881686003d16c2209e07b7ef8b7639f1867852b948f7c",
                "sha256:f0d3929fe88ee1c155129ecd82f981b8856c5d97bcb0d5f23e9b4242e79d1de3",
                "sha256:f29454410db6ef8126c83bd3c968d143304633d45dc57b51252afbd79d700893",
                "sha256:fe45becb4c2f72a0907c1d0246ea6449fe7a9e2293bb0e11c4e9a32bb0930a15",
                "sha256:fedbd128668ead37f33917820b704784aff695e0019309ad446a6d0b065b57e4"
            ],
            "markers": "python_version >= '3.6'",
            "version": "==1.19.4"
        },
        "pandas": {
            "hashes": [
                "sha256:0a643bae4283a37732ddfcecab3f62dd082996021b980f580903f4e8e01b3c5b",
                "sha256:0de3ddb414d30798cbf56e642d82cac30a80223ad6fe484d66c0ce01a84d6f2f",
                "sha256:19a2148a1d02791352e9fa637899a78e371a3516ac6da5c4edc718f60cbae648",
                "sha256:21b5a2b033380adbdd36b3116faaf9a4663e375325831dac1b519a44f9e439bb",
                "sha256:24c7f8d4aee71bfa6401faeba367dd654f696a77151a8a28bc2013f7ced4af98",
                "sha256:26fa92d3ac743a149a31b21d6f4337b0594b6302ea5575b37af9ca9611e8981a",
                "sha256:2860a97cbb25444ffc0088b457da0a79dc79f9c601238a3e0644312fcc14bf11",
                "sha256:2b1c6cd28a0dfda75c7b5957363333f01d370936e4c6276b7b8e696dd500582a",
                "sha256:2c2f7c670ea4e60318e4b7e474d56447cf0c7d83b3c2a5405a0dbb2600b9c48e",
                "sha256:3be7a7a0ca71a2640e81d9276f526bca63505850add10206d0da2e8a0a325dae",
                "sha256:4c62e94d5d49db116bef1bd5c2486723a292d79409fc9abd51adf9e05329101d",
                "sha256:5008374ebb990dad9ed48b0f5d0038124c73748f5384cc8c46904dace27082d9",
                "sha256:5447ea7af4005b0daf695a316a423b96374c9c73ffbd4533209c5ddc369e644b",
                "sha256:573fba5b05bf2c69271a32e52399c8de599e4a15ab7cec47d3b9c904125ab788",
                "sha256:5a780260afc88268a9d3ac3511d8f494fdcf637eece62fb9eb656a63d53eb7ca",
                "sha256:70865f96bb38fec46f7ebd66d4b5cfd0aa6b842073f298d621385ae3898d28b5",
                "sha256:731568be71fba1e13cae212c362f3d2ca8932e83cb1b85e3f1b4dd77d019254a",
                "sha256:b61080750d19a0122469ab59b087380721d6b72a4e7d962e4d7e63e0c4504814",
                "sha256:bf23a3b54d128b50f4f9d4675b3c1857a688cc6731a32f931837d72effb2698d",
                "sha256:c16d59c15d946111d2716856dd5479221c9e4f2f5c7bc2d617f39d870031e086",
                "sha256:c61c043aafb69329d0f961b19faa30b1dab709dd34c9388143fc55680059e55a",
                "sha256:c94ff2780a1fd89f190390130d6d36173ca59fcfb3fe0ff596f9a56518191ccb",
                "sha256:edda9bacc3843dfbeebaf7a701763e68e741b08fccb889c003b0a52f0ee95782",
                "sha256:f10fc41ee3c75a474d3bdf68d396f10782d013d7f67db99c0efbfd0acb99701b"
            ],
            "index": "pypi",
            "version": "==1.1.5"
        },
        "pydantic": {
            "hashes": [
                "sha256:025bf13ce27990acc059d0c5be46f416fc9b293f45363b3d19855165fee1874f",
                "sha256:185e18134bec5ef43351149fe34fda4758e53d05bb8ea4d5928f0720997b79ef",
                "sha256:213125b7e9e64713d16d988d10997dabc6a1f73f3991e1ff8e35ebb1409c7dc9",
                "sha256:24ca47365be2a5a3cc3f4a26dcc755bcdc9f0036f55dcedbd55663662ba145ec",
                "sha256:38be427ea01a78206bcaf9a56f835784afcba9e5b88fbdce33bbbfbcd7841229",
                "sha256:475f2fa134cf272d6631072554f845d0630907fce053926ff634cc6bc45bf1af",
                "sha256:514b473d264671a5c672dfb28bdfe1bf1afd390f6b206aa2ec9fed7fc592c48e",
                "sha256:59e45f3b694b05a69032a0d603c32d453a23f0de80844fb14d55ab0c6c78ff2f",
                "sha256:5b24e8a572e4b4c18f614004dda8c9f2c07328cb5b6e314d6e1bbd536cb1a6c1",
                "sha256:6e3874aa7e8babd37b40c4504e3a94cc2023696ced5a0500949f3347664ff8e2",
                "sha256:8d72e814c7821125b16f1553124d12faba88e85405b0864328899aceaad7282b",
                "sha256:a4143c8d0c456a093387b96e0f5ee941a950992904d88bc816b4f0e72c9a0009",
                "sha256:b2b054d095b6431cdda2f852a6d2f0fdec77686b305c57961b4c5dd6d863bf3c",
                "sha256:c59ea046aea25be14dc22d69c97bee629e6d48d2b2ecb724d7fe8806bf5f61cd",
                "sha256:d1fe3f0df8ac0f3a9792666c69a7cd70530f329036426d06b4f899c025aca74e",
                "sha256:d8df4b9090b595511906fa48deda47af04e7d092318bfb291f4d45dfb6bb2127",
                "sha256:dba5c1f0a3aeea5083e75db9660935da90216f8a81b6d68e67f54e135ed5eb23",
                "sha256:e682f6442ebe4e50cb5e1cfde7dda6766fb586631c3e5569f6aa1951fd1a76ef",
                "sha256:ecb54491f98544c12c66ff3d15e701612fc388161fd455242447083350904730",
                "sha256:f5b06f5099e163295b8ff5b1b71132ecf5866cc6e7f586d78d7d3fd6e8084608",
                "sha256:f6864844b039805add62ebe8a8c676286340ba0c6d043ae5dea24114b82a319e",
                "sha256:ffd180ebd5dd2a9ac0da4e8b995c9c99e7c74c31f985ba090ee01d681b1c4b95"
            ],
            "markers": "python_version >= '3.6'",
            "version": "==1.7.3"
        },
        "python-dateutil": {
            "hashes": [
                "sha256:73ebfe9dbf22e832286dafa60473e4cd239f8592f699aa5adaf10050e6e1823c",
                "sha256:75bb3f31ea686f1197762692a9ee6a7550b59fc6ca3a1f4b5d7e32fb98e2da2a"
            ],
            "version": "==2.8.1"
        },
        "python-multipart": {
            "hashes": [
                "sha256:f7bb5f611fc600d15fa47b3974c8aa16e93724513b49b5f95c81e6624c83fa43"
            ],
            "index": "pypi",
            "version": "==0.0.5"
        },
        "pytz": {
            "hashes": [
                "sha256:3e6b7dd2d1e0a59084bcee14a17af60c5c562cdc16d828e8eba2e683d3a7e268",
                "sha256:5c55e189b682d420be27c6995ba6edce0c0a77dd67bfbe2ae6607134d5851ffd"
            ],
            "version": "==2020.4"
        },
        "six": {
            "hashes": [
                "sha256:30639c035cdb23534cd4aa2dd52c3bf48f06e5f4a941509c8bafd8ce11080259",
                "sha256:8b74bedcbbbaca38ff6d7491d76f2b06b3592611af620f8426e82dddb04a5ced"
            ],
            "markers": "python_version >= '2.7' and python_version not in '3.0, 3.1, 3.2, 3.3'",
            "version": "==1.15.0"
        },
        "sqlalchemy": {
            "hashes": [
                "sha256:009e8388d4d551a2107632921320886650b46332f61dc935e70c8bcf37d8e0d6",
                "sha256:0157c269701d88f5faf1fa0e4560e4d814f210c01a5b55df3cab95e9346a8bcc",
                "sha256:0a92745bb1ebbcb3985ed7bda379b94627f0edbc6c82e9e4bac4fb5647ae609a",
                "sha256:0cca1844ba870e81c03633a99aa3dc62256fb96323431a5dec7d4e503c26372d",
                "sha256:166917a729b9226decff29416f212c516227c2eb8a9c9f920d69ced24e30109f",
                "sha256:1f5f369202912be72fdf9a8f25067a5ece31a2b38507bb869306f173336348da",
                "sha256:2909dffe5c9a615b7e6c92d1ac2d31e3026dc436440a4f750f4749d114d88ceb",
                "sha256:2b5dafed97f778e9901b79cc01b88d39c605e0545b4541f2551a2fd785adc15b",
                "sha256:2e9bd5b23bba8ae8ce4219c9333974ff5e103c857d9ff0e4b73dc4cb244c7d86",
                "sha256:3aa6d45e149a16aa1f0c46816397e12313d5e37f22205c26e06975e150ffcf2a",
                "sha256:4bdbdb8ca577c6c366d15791747c1de6ab14529115a2eb52774240c412a7b403",
                "sha256:53fd857c6c8ffc0aa6a5a3a2619f6a74247e42ec9e46b836a8ffa4abe7aab327",
                "sha256:5cdfe54c1e37279dc70d92815464b77cd8ee30725adc9350f06074f91dbfeed2",
                "sha256:5d92c18458a4aa27497a986038d5d797b5279268a2de303cd00910658e8d149c",
                "sha256:632b32183c0cb0053194a4085c304bc2320e5299f77e3024556fa2aa395c2a8b",
                "sha256:7c735c7a6db8ee9554a3935e741cf288f7dcbe8706320251eb38c412e6a4281d",
                "sha256:7cd40cb4bc50d9e87b3540b23df6e6b24821ba7e1f305c1492b0806c33dbdbec",
                "sha256:84f0ac4a09971536b38cc5d515d6add7926a7e13baa25135a1dbb6afa351a376",
                "sha256:8dcbf377529a9af167cbfc5b8acec0fadd7c2357fc282a1494c222d3abfc9629",
                "sha256:950f0e17ffba7a7ceb0dd056567bc5ade22a11a75920b0e8298865dc28c0eff6",
                "sha256:9e379674728f43a0cd95c423ac0e95262500f9bfd81d33b999daa8ea1756d162",
                "sha256:b15002b9788ffe84e42baffc334739d3b68008a973d65fad0a410ca5d0531980",
                "sha256:b6f036ecc017ec2e2cc2a40615b41850dc7aaaea6a932628c0afc73ab98ba3fb",
                "sha256:bad73f9888d30f9e1d57ac8829f8a12091bdee4949b91db279569774a866a18e",
                "sha256:bbc58fca72ce45a64bb02b87f73df58e29848b693869e58bd890b2ddbb42d83b",
                "sha256:bca4d367a725694dae3dfdc86cf1d1622b9f414e70bd19651f5ac4fb3aa96d61",
                "sha256:be41d5de7a8e241864189b7530ca4aaf56a5204332caa70555c2d96379e18079",
                "sha256:bf53d8dddfc3e53a5bda65f7f4aa40fae306843641e3e8e701c18a5609471edf",
                "sha256:c092fe282de83d48e64d306b4bce03114859cdbfe19bf8a978a78a0d44ddadb1",
                "sha256:c3ab23ee9674336654bf9cac30eb75ac6acb9150dc4b1391bec533a7a4126471",
                "sha256:ce64a44c867d128ab8e675f587aae7f61bd2db836a3c4ba522d884cd7c298a77",
                "sha256:d05cef4a164b44ffda58200efcb22355350979e000828479971ebca49b82ddb1",
                "sha256:d2f25c7f410338d31666d7ddedfa67570900e248b940d186b48461bd4e5569a1",
                "sha256:d3b709d64b5cf064972b3763b47139e4a0dc4ae28a36437757f7663f67b99710",
                "sha256:e32e3455db14602b6117f0f422f46bc297a3853ae2c322ecd1e2c4c04daf6ed5",
                "sha256:ed53209b5f0f383acb49a927179fa51a6e2259878e164273ebc6815f3a752465",
                "sha256:f605f348f4e6a2ba00acb3399c71d213b92f27f2383fc4abebf7a37368c12142",
                "sha256:fcdb3755a7c355bc29df1b5e6fb8226d5c8b90551d202d69d0076a8a5649d68b"
            ],
            "index": "pypi",
            "version": "==1.3.20"
        },
        "starlette": {
            "hashes": [
                "sha256:bd2ffe5e37fb75d014728511f8e68ebf2c80b0fa3d04ca1479f4dc752ae31ac9",
                "sha256:ebe8ee08d9be96a3c9f31b2cb2a24dbdf845247b745664bd8a3f9bd0c977fdbc"
            ],
            "markers": "python_version >= '3.6'",
            "version": "==0.13.6"
        },
        "typing-extensions": {
            "hashes": [
                "sha256:7cb407020f00f7bfc3cb3e7881628838e69d8f3fcab2f64742a5e76b2f841918",
                "sha256:99d4073b617d30288f569d3f13d2bd7548c3a7e4c8de87db09a9d29bb3a4a60c",
                "sha256:dafc7639cde7f1b6e1acc0f457842a83e722ccca8eef5270af2d74792619a89f"
            ],
            "version": "==3.7.4.3"
        },
        "uvicorn": {
            "hashes": [
                "sha256:2a7b17f4d9848d6557ccc2274a5f7c97f1daf037d130a0c6918f67cd9bc8cdf5",
                "sha256:6fcce74c00b77d4f4b3ed7ba1b2a370d27133bfdb46f835b7a76dfe0a8c110ae"
            ],
            "index": "pypi",
            "version": "==0.13.1"
        }
    },
    "develop": {}
}
